
Microsoft Visual Studio Solution File, Format Version 12.00
# Visual Studio Version 17
VisualStudioVersion = 17.6.33723.286
MinimumVisualStudioVersion = 10.0.40219.1
Project("{FAE04EC0-301F-11D3-BF4B-00C04F79EFBC}") = "Northwind.WebApi", "Northwind.WebApi.csproj", "{E2250CCD-7E0C-4952-8C86-F15FDCDE7CED}"
EndProject
Global
	GlobalSection(SolutionConfigurationPlatforms) = preSolution
		Debug|Any CPU = Debug|Any CPU
		Release|Any CPU = Release|Any CPU
	EndGlobalSection
	GlobalSection(ProjectConfigurationPlatforms) = postSolution
		{E2250CCD-7E0C-4952-8C86-F15FDCDE7CED}.Debug|Any CPU.ActiveCfg = Debug|Any CPU
		{E2250CCD-7E0C-4952-8C86-F15FDCDE7CED}.Debug|Any CPU.Build.0 = Debug|Any CPU
		{E2250CCD-7E0C-4952-8C86-F15FDCDE7CED}.Release|Any CPU.ActiveCfg = Release|Any CPU
		{E2250CCD-7E0C-4952-8C86-F15FDCDE7CED}.Release|Any CPU.Build.0 = Release|Any CPU
	EndGlobalSection
	GlobalSection(SolutionProperties) = preSolution
		HideSolutionNode = FALSE
	EndGlobalSection
	GlobalSection(ExtensibilityGlobals) = postSolution
		SolutionGuid = {D6F84339-5388-4D8C-9960-D3C68BAFA274}
	EndGlobalSection
EndGlobal
