
Microsoft Visual Studio Solution File, Format Version 12.00
# Visual Studio Version 17
VisualStudioVersion = 17.6.33723.286
MinimumVisualStudioVersion = 10.0.40219.1
Project("{9A19103F-16F7-4668-BE54-9A1E7A4F7556}") = "HelloCS", "HelloCS\HelloCS.csproj", "{167DE88C-5944-411D-B981-B46539E5B7D5}"
EndProject
Project("{FAE04EC0-301F-11D3-BF4B-00C04F79EFBC}") = "Toptest", "Toptest\Toptest.csproj", "{B719AB43-D13C-436D-B668-64CCAF7A83C8}"
EndProject
Global
	GlobalSection(SolutionConfigurationPlatforms) = preSolution
		Debug|Any CPU = Debug|Any CPU
		Release|Any CPU = Release|Any CPU
	EndGlobalSection
	GlobalSection(ProjectConfigurationPlatforms) = postSolution
		{167DE88C-5944-411D-B981-B46539E5B7D5}.Debug|Any CPU.ActiveCfg = Debug|Any CPU
		{167DE88C-5944-411D-B981-B46539E5B7D5}.Debug|Any CPU.Build.0 = Debug|Any CPU
		{167DE88C-5944-411D-B981-B46539E5B7D5}.Release|Any CPU.ActiveCfg = Release|Any CPU
		{167DE88C-5944-411D-B981-B46539E5B7D5}.Release|Any CPU.Build.0 = Release|Any CPU
		{B719AB43-D13C-436D-B668-64CCAF7A83C8}.Debug|Any CPU.ActiveCfg = Debug|Any CPU
		{B719AB43-D13C-436D-B668-64CCAF7A83C8}.Debug|Any CPU.Build.0 = Debug|Any CPU
		{B719AB43-D13C-436D-B668-64CCAF7A83C8}.Release|Any CPU.ActiveCfg = Release|Any CPU
		{B719AB43-D13C-436D-B668-64CCAF7A83C8}.Release|Any CPU.Build.0 = Release|Any CPU
	EndGlobalSection
	GlobalSection(SolutionProperties) = preSolution
		HideSolutionNode = FALSE
	EndGlobalSection
	GlobalSection(ExtensibilityGlobals) = postSolution
		SolutionGuid = {42F5FA26-CE50-48BC-8317-51FA06287D03}
	EndGlobalSection
EndGlobal
